Microsoft Visual Studio Solution File, Format Version 12.00
# Visual Studio Version 17
VisualStudioVersion = 17.5.002.0
MinimumVisualStudioVersion = 10.0.40219.1
Project("{9A19103F-16F7-4668-BE54-9A1E7A4F7556}") = "Przychodnia", "Przychodnia/Przychodnia.sln", "{0BE3E32A-7CD0-465E-8400-3DA284311381}"
EndProject
Global
	GlobalSection(SolutionConfigurationPlatforms) = preSolution
		Debug|Any CPU = Debug|Any CPU
		Release|Any CPU = Release|Any CPU
	EndGlobalSection
	GlobalSection(ProjectConfigurationPlatforms) = postSolution
		{0BE3E32A-7CD0-465E-8400-3DA284311381}.Debug|Any CPU.ActiveCfg = Debug|Any CPU
		{0BE3E32A-7CD0-465E-8400-3DA284311381}.Debug|Any CPU.Build.0 = Debug|Any CPU
		{0BE3E32A-7CD0-465E-8400-3DA284311381}.Release|Any CPU.ActiveCfg = Release|Any CPU
		{0BE3E32A-7CD0-465E-8400-3DA284311381}.Release|Any CPU.Build.0 = Release|Any CPU
	EndGlobalSection
	GlobalSection(SolutionProperties) = preSolution
		HideSolutionNode = FALSE
	EndGlobalSection
	GlobalSection(ExtensibilityGlobals) = postSolution
		SolutionGuid = {C95E65FA-1D5B-4372-8D23-3D0BDBCC0600}
	EndGlobalSection
EndGlobal
